
Microsoft Visual Studio Solution File, Format Version 12.00
# Visual Studio Version 17
VisualStudioVersion = 17.13.36105.23 d17.13
MinimumVisualStudioVersion = 10.0.40219.1
Project("{FAE04EC0-301F-11D3-BF4B-00C04F79EFBC}") = "KTGK", "KTGK.csproj", "{81935C17-E4D9-46F4-8093-DE186A435ED8}"
EndProject
Global
	GlobalSection(SolutionConfigurationPlatforms) = preSolution
		Debug|Any CPU = Debug|Any CPU
		Release|Any CPU = Release|Any CPU
	EndGlobalSection
	GlobalSection(ProjectConfigurationPlatforms) = postSolution
		{81935C17-E4D9-46F4-8093-DE186A435ED8}.Debug|Any CPU.ActiveCfg = Debug|Any CPU
		{81935C17-E4D9-46F4-8093-DE186A435ED8}.Debug|Any CPU.Build.0 = Debug|Any CPU
		{81935C17-E4D9-46F4-8093-DE186A435ED8}.Release|Any CPU.ActiveCfg = Release|Any CPU
		{81935C17-E4D9-46F4-8093-DE186A435ED8}.Release|Any CPU.Build.0 = Release|Any CPU
	EndGlobalSection
	GlobalSection(SolutionProperties) = preSolution
		HideSolutionNode = FALSE
	EndGlobalSection
	GlobalSection(ExtensibilityGlobals) = postSolution
		SolutionGuid = {B642B10D-33D7-49B2-A902-E70B6F6CE52C}
	EndGlobalSection
EndGlobal
